{
  "name": "prop-xml-extractor",
  "version": "1.4.4",
  "lockfileVersion": 3,
  "requires": true,
  "packages": {
    "": {
      "name": "prop-xml-extractor",
      "version": "1.4.4",
      "license": "MIT",
      "dependencies": {
        "node-xml-stream": "^1.0.2"
      }
    },
    "node_modules/node-xml-stream": {
      "version": "1.0.2",
      "resolved": "https://registry.npmjs.org/node-xml-stream/-/node-xml-stream-1.0.2.tgz",
      "integrity": "sha512-W4LzsKQ1x3TldQQmXZfM/JO+3SPp+zzvA2Nf82chE7vXnZy7LqHjIqQe9yDUw58g2fTOaJo+DlPnIDfmozgsuw==",
      "license": "MIT"
    }
  }
}
